
Microsoft Visual Studio Solution File, Format Version 12.00
# Visual Studio 14
VisualStudioVersion = 14.0.25420.1
MinimumVisualStudioVersion = 10.0.40219.1
Project("{FAE04EC0-301F-11D3-BF4B-00C04F79EFBC}") = "Aula04_ex2", "Aula04\Aula04_ex2.csproj", "{AA7FD5B4-1C93-42AB-840D-1F40A66D3372}"
EndProject
Project("{FAE04EC0-301F-11D3-BF4B-00C04F79EFBC}") = "Exemplo", "Exemplo\Exemplo.csproj", "{EBDA38A5-57FE-481E-BCB6-D7379C7B236F}"
EndProject
Project("{FAE04EC0-301F-11D3-BF4B-00C04F79EFBC}") = "Aula04_ex3", "Aula04_ex3\Aula04_ex3.csproj", "{000CA175-D14E-4A5A-B3B0-9811848D2A4A}"
EndProject
Project("{FAE04EC0-301F-11D3-BF4B-00C04F79EFBC}") = "Teste", "Teste\Teste.csproj", "{E1A5314F-3CEF-4838-A248-8A9E1C786BF7}"
EndProject
Global
	GlobalSection(SolutionConfigurationPlatforms) = preSolution
		Debug|Any CPU = Debug|Any CPU
		Release|Any CPU = Release|Any CPU
	EndGlobalSection
	GlobalSection(ProjectConfigurationPlatforms) = postSolution
		{AA7FD5B4-1C93-42AB-840D-1F40A66D3372}.Debug|Any CPU.ActiveCfg = Debug|Any CPU
		{AA7FD5B4-1C93-42AB-840D-1F40A66D3372}.Debug|Any CPU.Build.0 = Debug|Any CPU
		{AA7FD5B4-1C93-42AB-840D-1F40A66D3372}.Release|Any CPU.ActiveCfg = Release|Any CPU
		{AA7FD5B4-1C93-42AB-840D-1F40A66D3372}.Release|Any CPU.Build.0 = Release|Any CPU
		{EBDA38A5-57FE-481E-BCB6-D7379C7B236F}.Debug|Any CPU.ActiveCfg = Debug|Any CPU
		{EBDA38A5-57FE-481E-BCB6-D7379C7B236F}.Debug|Any CPU.Build.0 = Debug|Any CPU
		{EBDA38A5-57FE-481E-BCB6-D7379C7B236F}.Release|Any CPU.ActiveCfg = Release|Any CPU
		{EBDA38A5-57FE-481E-BCB6-D7379C7B236F}.Release|Any CPU.Build.0 = Release|Any CPU
		{000CA175-D14E-4A5A-B3B0-9811848D2A4A}.Debug|Any CPU.ActiveCfg = Debug|Any CPU
		{000CA175-D14E-4A5A-B3B0-9811848D2A4A}.Debug|Any CPU.Build.0 = Debug|Any CPU
		{000CA175-D14E-4A5A-B3B0-9811848D2A4A}.Release|Any CPU.ActiveCfg = Release|Any CPU
		{000CA175-D14E-4A5A-B3B0-9811848D2A4A}.Release|Any CPU.Build.0 = Release|Any CPU
		{E1A5314F-3CEF-4838-A248-8A9E1C786BF7}.Debug|Any CPU.ActiveCfg = Debug|Any CPU
		{E1A5314F-3CEF-4838-A248-8A9E1C786BF7}.Debug|Any CPU.Build.0 = Debug|Any CPU
		{E1A5314F-3CEF-4838-A248-8A9E1C786BF7}.Release|Any CPU.ActiveCfg = Release|Any CPU
		{E1A5314F-3CEF-4838-A248-8A9E1C786BF7}.Release|Any CPU.Build.0 = Release|Any CPU
	EndGlobalSection
	GlobalSection(SolutionProperties) = preSolution
		HideSolutionNode = FALSE
	EndGlobalSection
EndGlobal
